
Microsoft Visual Studio Solution File, Format Version 12.00
# Visual Studio Version 16
VisualStudioVersion = 16.0.31702.278
MinimumVisualStudioVersion = 10.0.40219.1
Project("{9A19103F-16F7-4668-BE54-9A1E7A4F7556}") = "WinFormsApp1", "WinFormsApp1\WinFormsApp1.csproj", "{815B47F7-5952-4D68-A9A7-09E652CC2087}"
EndProject
Project("{9A19103F-16F7-4668-BE54-9A1E7A4F7556}") = "WinFormsApp1ML.Model", "WinFormsApp1ML.Model\WinFormsApp1ML.Model.csproj", "{97727BA5-CB51-463E-9C4B-681F1ABAF120}"
EndProject
Project("{9A19103F-16F7-4668-BE54-9A1E7A4F7556}") = "WinFormsApp1ML.ConsoleApp", "WinFormsApp1ML.ConsoleApp\WinFormsApp1ML.ConsoleApp.csproj", "{53636DCC-B6B2-45AD-BE52-704DBAB27C2B}"
EndProject
Global
	GlobalSection(SolutionConfigurationPlatforms) = preSolution
		Debug|Any CPU = Debug|Any CPU
		Release|Any CPU = Release|Any CPU
	EndGlobalSection
	GlobalSection(ProjectConfigurationPlatforms) = postSolution
		{815B47F7-5952-4D68-A9A7-09E652CC2087}.Debug|Any CPU.ActiveCfg = Debug|Any CPU
		{815B47F7-5952-4D68-A9A7-09E652CC2087}.Debug|Any CPU.Build.0 = Debug|Any CPU
		{815B47F7-5952-4D68-A9A7-09E652CC2087}.Release|Any CPU.ActiveCfg = Release|Any CPU
		{815B47F7-5952-4D68-A9A7-09E652CC2087}.Release|Any CPU.Build.0 = Release|Any CPU
		{97727BA5-CB51-463E-9C4B-681F1ABAF120}.Debug|Any CPU.ActiveCfg = Debug|Any CPU
		{97727BA5-CB51-463E-9C4B-681F1ABAF120}.Debug|Any CPU.Build.0 = Debug|Any CPU
		{97727BA5-CB51-463E-9C4B-681F1ABAF120}.Release|Any CPU.ActiveCfg = Release|Any CPU
		{97727BA5-CB51-463E-9C4B-681F1ABAF120}.Release|Any CPU.Build.0 = Release|Any CPU
		{53636DCC-B6B2-45AD-BE52-704DBAB27C2B}.Debug|Any CPU.ActiveCfg = Debug|Any CPU
		{53636DCC-B6B2-45AD-BE52-704DBAB27C2B}.Debug|Any CPU.Build.0 = Debug|Any CPU
		{53636DCC-B6B2-45AD-BE52-704DBAB27C2B}.Release|Any CPU.ActiveCfg = Release|Any CPU
		{53636DCC-B6B2-45AD-BE52-704DBAB27C2B}.Release|Any CPU.Build.0 = Release|Any CPU
	EndGlobalSection
	GlobalSection(SolutionProperties) = preSolution
		HideSolutionNode = FALSE
	EndGlobalSection
	GlobalSection(ExtensibilityGlobals) = postSolution
		SolutionGuid = {D23E5E09-289F-48E3-AA85-E8CAA1E8A4ED}
	EndGlobalSection
EndGlobal
